
Microsoft Visual Studio Solution File, Format Version 12.00
# Visual Studio 15
VisualStudioVersion = 15.0.26730.12
MinimumVisualStudioVersion = 10.0.40219.1
Project("{9A19103F-16F7-4668-BE54-9A1E7A4F7556}") = "01.RemoveNegativesAndReverse", "01.RemoveNegativesAndReverse\01.RemoveNegativesAndReverse.csproj", "{993A817C-7E1B-4AED-B3EA-FF0B8FB52DE4}"
EndProject
Project("{9A19103F-16F7-4668-BE54-9A1E7A4F7556}") = "02.AppendLists", "02.AppendLists\02.AppendLists.csproj", "{3689BCA4-42AB-4864-8A3D-92EFDF8EA777}"
EndProject
Project("{9A19103F-16F7-4668-BE54-9A1E7A4F7556}") = "03.SumAdjacentEqualNumbers", "03.SumAdjacentEqualNumbers\03.SumAdjacentEqualNumbers.csproj", "{AE62E40C-6DCD-4916-B434-94C01BEA1F52}"
EndProject
Project("{9A19103F-16F7-4668-BE54-9A1E7A4F7556}") = "04.SplitByWordCasing", "04.SplitByWordCasing\04.SplitByWordCasing.csproj", "{A8C8A9C7-063F-44BB-A96F-B7414DBA462E}"
EndProject
Project("{FAE04EC0-301F-11D3-BF4B-00C04F79EFBC}") = "05.SortNumbers", "05.SortNumbers\05.SortNumbers.csproj", "{24596E64-5536-47A9-A90F-12DCC7BF082F}"
EndProject
Project("{FAE04EC0-301F-11D3-BF4B-00C04F79EFBC}") = "06.SquareNumbers", "06.SquareNumbers\06.SquareNumbers.csproj", "{B54D6FD8-F910-42B9-BFAE-B93FE9FECB00}"
EndProject
Project("{FAE04EC0-301F-11D3-BF4B-00C04F79EFBC}") = "07.CountNumbers", "07.CountNumbers\07.CountNumbers.csproj", "{C2FEE5CA-6ED0-4379-BC5A-9A42C2E53026}"
EndProject
Global
	GlobalSection(SolutionConfigurationPlatforms) = preSolution
		Debug|Any CPU = Debug|Any CPU
		Release|Any CPU = Release|Any CPU
	EndGlobalSection
	GlobalSection(ProjectConfigurationPlatforms) = postSolution
		{993A817C-7E1B-4AED-B3EA-FF0B8FB52DE4}.Debug|Any CPU.ActiveCfg = Debug|Any CPU
		{993A817C-7E1B-4AED-B3EA-FF0B8FB52DE4}.Debug|Any CPU.Build.0 = Debug|Any CPU
		{993A817C-7E1B-4AED-B3EA-FF0B8FB52DE4}.Release|Any CPU.ActiveCfg = Release|Any CPU
		{993A817C-7E1B-4AED-B3EA-FF0B8FB52DE4}.Release|Any CPU.Build.0 = Release|Any CPU
		{3689BCA4-42AB-4864-8A3D-92EFDF8EA777}.Debug|Any CPU.ActiveCfg = Debug|Any CPU
		{3689BCA4-42AB-4864-8A3D-92EFDF8EA777}.Debug|Any CPU.Build.0 = Debug|Any CPU
		{3689BCA4-42AB-4864-8A3D-92EFDF8EA777}.Release|Any CPU.ActiveCfg = Release|Any CPU
		{3689BCA4-42AB-4864-8A3D-92EFDF8EA777}.Release|Any CPU.Build.0 = Release|Any CPU
		{AE62E40C-6DCD-4916-B434-94C01BEA1F52}.Debug|Any CPU.ActiveCfg = Debug|Any CPU
		{AE62E40C-6DCD-4916-B434-94C01BEA1F52}.Debug|Any CPU.Build.0 = Debug|Any CPU
		{AE62E40C-6DCD-4916-B434-94C01BEA1F52}.Release|Any CPU.ActiveCfg = Release|Any CPU
		{AE62E40C-6DCD-4916-B434-94C01BEA1F52}.Release|Any CPU.Build.0 = Release|Any CPU
		{A8C8A9C7-063F-44BB-A96F-B7414DBA462E}.Debug|Any CPU.ActiveCfg = Debug|Any CPU
		{A8C8A9C7-063F-44BB-A96F-B7414DBA462E}.Debug|Any CPU.Build.0 = Debug|Any CPU
		{A8C8A9C7-063F-44BB-A96F-B7414DBA462E}.Release|Any CPU.ActiveCfg = Release|Any CPU
		{A8C8A9C7-063F-44BB-A96F-B7414DBA462E}.Release|Any CPU.Build.0 = Release|Any CPU
		{24596E64-5536-47A9-A90F-12DCC7BF082F}.Debug|Any CPU.ActiveCfg = Debug|Any CPU
		{24596E64-5536-47A9-A90F-12DCC7BF082F}.Debug|Any CPU.Build.0 = Debug|Any CPU
		{24596E64-5536-47A9-A90F-12DCC7BF082F}.Release|Any CPU.ActiveCfg = Release|Any CPU
		{24596E64-5536-47A9-A90F-12DCC7BF082F}.Release|Any CPU.Build.0 = Release|Any CPU
		{B54D6FD8-F910-42B9-BFAE-B93FE9FECB00}.Debug|Any CPU.ActiveCfg = Debug|Any CPU
		{B54D6FD8-F910-42B9-BFAE-B93FE9FECB00}.Debug|Any CPU.Build.0 = Debug|Any CPU
		{B54D6FD8-F910-42B9-BFAE-B93FE9FECB00}.Release|Any CPU.ActiveCfg = Release|Any CPU
		{B54D6FD8-F910-42B9-BFAE-B93FE9FECB00}.Release|Any CPU.Build.0 = Release|Any CPU
		{C2FEE5CA-6ED0-4379-BC5A-9A42C2E53026}.Debug|Any CPU.ActiveCfg = Debug|Any CPU
		{C2FEE5CA-6ED0-4379-BC5A-9A42C2E53026}.Debug|Any CPU.Build.0 = Debug|Any CPU
		{C2FEE5CA-6ED0-4379-BC5A-9A42C2E53026}.Release|Any CPU.ActiveCfg = Release|Any CPU
		{C2FEE5CA-6ED0-4379-BC5A-9A42C2E53026}.Release|Any CPU.Build.0 = Release|Any CPU
	EndGlobalSection
	GlobalSection(SolutionProperties) = preSolution
		HideSolutionNode = FALSE
	EndGlobalSection
	GlobalSection(ExtensibilityGlobals) = postSolution
		SolutionGuid = {761E9ED7-2B77-4CA1-981F-E19B024C6E8D}
	EndGlobalSection
EndGlobal
