
Microsoft Visual Studio Solution File, Format Version 12.00
# Visual Studio 15
VisualStudioVersion = 15.0.26730.12
MinimumVisualStudioVersion = 10.0.40219.1
Project("{9A19103F-16F7-4668-BE54-9A1E7A4F7556}") = "01.MaxSequenceOfEqualElements", "01.MaxSequenceOfEqualElements\01.MaxSequenceOfEqualElements.csproj", "{B1865571-F1D8-4EFF-B2D6-B753FB158435}"
EndProject
Project("{9A19103F-16F7-4668-BE54-9A1E7A4F7556}") = "02.ChangeList", "02.ChangeList\02.ChangeList.csproj", "{FA03BE5C-31F1-4FD3-99D2-3CFE84549E3E}"
EndProject
Project("{9A19103F-16F7-4668-BE54-9A1E7A4F7556}") = "05.ArrayManipulator", "05.ArrayManipulator\05.ArrayManipulator.csproj", "{0A1CADF7-06B1-43F6-9F30-E6F0C98864CF}"
EndProject
Project("{FAE04EC0-301F-11D3-BF4B-00C04F79EFBC}") = "03.SearchForANumber", "03.SearchForANumber\03.SearchForANumber.csproj", "{C44575C4-CDD1-40CD-8A58-96830DD54FBB}"
EndProject
Project("{FAE04EC0-301F-11D3-BF4B-00C04F79EFBC}") = "06.SumReversedNumbers", "06.SumReversedNumbers\06.SumReversedNumbers.csproj", "{2EF84E30-1648-4CE6-9D32-1D2637FCB7FF}"
EndProject
Project("{FAE04EC0-301F-11D3-BF4B-00C04F79EFBC}") = "07.BombNumbers", "07.BombNumbers\07.BombNumbers.csproj", "{925E166D-CE07-48FA-9532-1D3845FC4AD4}"
EndProject
Global
	GlobalSection(SolutionConfigurationPlatforms) = preSolution
		Debug|Any CPU = Debug|Any CPU
		Release|Any CPU = Release|Any CPU
	EndGlobalSection
	GlobalSection(ProjectConfigurationPlatforms) = postSolution
		{B1865571-F1D8-4EFF-B2D6-B753FB158435}.Debug|Any CPU.ActiveCfg = Debug|Any CPU
		{B1865571-F1D8-4EFF-B2D6-B753FB158435}.Debug|Any CPU.Build.0 = Debug|Any CPU
		{B1865571-F1D8-4EFF-B2D6-B753FB158435}.Release|Any CPU.ActiveCfg = Release|Any CPU
		{B1865571-F1D8-4EFF-B2D6-B753FB158435}.Release|Any CPU.Build.0 = Release|Any CPU
		{FA03BE5C-31F1-4FD3-99D2-3CFE84549E3E}.Debug|Any CPU.ActiveCfg = Debug|Any CPU
		{FA03BE5C-31F1-4FD3-99D2-3CFE84549E3E}.Debug|Any CPU.Build.0 = Debug|Any CPU
		{FA03BE5C-31F1-4FD3-99D2-3CFE84549E3E}.Release|Any CPU.ActiveCfg = Release|Any CPU
		{FA03BE5C-31F1-4FD3-99D2-3CFE84549E3E}.Release|Any CPU.Build.0 = Release|Any CPU
		{0A1CADF7-06B1-43F6-9F30-E6F0C98864CF}.Debug|Any CPU.ActiveCfg = Debug|Any CPU
		{0A1CADF7-06B1-43F6-9F30-E6F0C98864CF}.Debug|Any CPU.Build.0 = Debug|Any CPU
		{0A1CADF7-06B1-43F6-9F30-E6F0C98864CF}.Release|Any CPU.ActiveCfg = Release|Any CPU
		{0A1CADF7-06B1-43F6-9F30-E6F0C98864CF}.Release|Any CPU.Build.0 = Release|Any CPU
		{C44575C4-CDD1-40CD-8A58-96830DD54FBB}.Debug|Any CPU.ActiveCfg = Debug|Any CPU
		{C44575C4-CDD1-40CD-8A58-96830DD54FBB}.Debug|Any CPU.Build.0 = Debug|Any CPU
		{C44575C4-CDD1-40CD-8A58-96830DD54FBB}.Release|Any CPU.ActiveCfg = Release|Any CPU
		{C44575C4-CDD1-40CD-8A58-96830DD54FBB}.Release|Any CPU.Build.0 = Release|Any CPU
		{2EF84E30-1648-4CE6-9D32-1D2637FCB7FF}.Debug|Any CPU.ActiveCfg = Debug|Any CPU
		{2EF84E30-1648-4CE6-9D32-1D2637FCB7FF}.Debug|Any CPU.Build.0 = Debug|Any CPU
		{2EF84E30-1648-4CE6-9D32-1D2637FCB7FF}.Release|Any CPU.ActiveCfg = Release|Any CPU
		{2EF84E30-1648-4CE6-9D32-1D2637FCB7FF}.Release|Any CPU.Build.0 = Release|Any CPU
		{925E166D-CE07-48FA-9532-1D3845FC4AD4}.Debug|Any CPU.ActiveCfg = Debug|Any CPU
		{925E166D-CE07-48FA-9532-1D3845FC4AD4}.Debug|Any CPU.Build.0 = Debug|Any CPU
		{925E166D-CE07-48FA-9532-1D3845FC4AD4}.Release|Any CPU.ActiveCfg = Release|Any CPU
		{925E166D-CE07-48FA-9532-1D3845FC4AD4}.Release|Any CPU.Build.0 = Release|Any CPU
	EndGlobalSection
	GlobalSection(SolutionProperties) = preSolution
		HideSolutionNode = FALSE
	EndGlobalSection
	GlobalSection(ExtensibilityGlobals) = postSolution
		SolutionGuid = {F58B89D8-804B-4219-AB36-10937F7D9A94}
	EndGlobalSection
EndGlobal
